
Microsoft Visual Studio Solution File, Format Version 12.00
# Visual Studio Version 17
VisualStudioVersion = 17.5.002.0
MinimumVisualStudioVersion = 10.0.40219.1
Project("{9A19103F-16F7-4668-BE54-9A1E7A4F7556}") = "CSharp_Practices", "Part-1\CSharp_Practices.csproj", "{39171177-D6C4-4A5D-A129-6D57A2AAF861}"
EndProject
Project("{9A19103F-16F7-4668-BE54-9A1E7A4F7556}") = "Part-2", "Part-2\Part-2.csproj", "{CA7FC075-DBD1-4D76-8C52-FF53854DF571}"
EndProject
Project("{9A19103F-16F7-4668-BE54-9A1E7A4F7556}") = "Part-3", "Part-3\Part-3.csproj", "{60C34006-BD8E-475E-A60B-5D4840894548}"
EndProject
Global
	GlobalSection(SolutionConfigurationPlatforms) = preSolution
		Debug|Any CPU = Debug|Any CPU
		Release|Any CPU = Release|Any CPU
	EndGlobalSection
	GlobalSection(ProjectConfigurationPlatforms) = postSolution
		{39171177-D6C4-4A5D-A129-6D57A2AAF861}.Debug|Any CPU.ActiveCfg = Debug|Any CPU
		{39171177-D6C4-4A5D-A129-6D57A2AAF861}.Debug|Any CPU.Build.0 = Debug|Any CPU
		{39171177-D6C4-4A5D-A129-6D57A2AAF861}.Release|Any CPU.ActiveCfg = Release|Any CPU
		{39171177-D6C4-4A5D-A129-6D57A2AAF861}.Release|Any CPU.Build.0 = Release|Any CPU
		{CA7FC075-DBD1-4D76-8C52-FF53854DF571}.Debug|Any CPU.ActiveCfg = Debug|Any CPU
		{CA7FC075-DBD1-4D76-8C52-FF53854DF571}.Debug|Any CPU.Build.0 = Debug|Any CPU
		{CA7FC075-DBD1-4D76-8C52-FF53854DF571}.Release|Any CPU.ActiveCfg = Release|Any CPU
		{CA7FC075-DBD1-4D76-8C52-FF53854DF571}.Release|Any CPU.Build.0 = Release|Any CPU
		{60C34006-BD8E-475E-A60B-5D4840894548}.Debug|Any CPU.ActiveCfg = Debug|Any CPU
		{60C34006-BD8E-475E-A60B-5D4840894548}.Debug|Any CPU.Build.0 = Debug|Any CPU
		{60C34006-BD8E-475E-A60B-5D4840894548}.Release|Any CPU.ActiveCfg = Release|Any CPU
		{60C34006-BD8E-475E-A60B-5D4840894548}.Release|Any CPU.Build.0 = Release|Any CPU
	EndGlobalSection
	GlobalSection(SolutionProperties) = preSolution
		HideSolutionNode = FALSE
	EndGlobalSection
	GlobalSection(ExtensibilityGlobals) = postSolution
		SolutionGuid = {F2DD0A82-4E64-45DE-A820-2B8DDCDD2079}
	EndGlobalSection
EndGlobal
